
Microsoft Visual Studio Solution File, Format Version 12.00
# Visual Studio Version 17
VisualStudioVersion = 17.9.34728.123
MinimumVisualStudioVersion = 10.0.40219.1
Project("{2150E333-8FDC-42A3-9474-1A3956D46DE8}") = "Adventures", "Adventures", "{C8D76FAB-81AE-49E3-AC15-A9D1985C1092}"
EndProject
Project("{9A19103F-16F7-4668-BE54-9A1E7A4F7556}") = "AlternateBeginnersCave", "Adventures\AlternateBeginnersCave\AlternateBeginnersCave.csproj", "{A2E8B692-4E4D-4AF5-B50E-C16E01E0AFC1}"
EndProject
Project("{9A19103F-16F7-4668-BE54-9A1E7A4F7556}") = "ARuncibleCargo", "Adventures\ARuncibleCargo\ARuncibleCargo.csproj", "{C0917F27-3D56-4C0D-9941-4001F54F04E6}"
EndProject
Project("{9A19103F-16F7-4668-BE54-9A1E7A4F7556}") = "BeginnersCaveII", "Adventures\BeginnersCaveII\BeginnersCaveII.csproj", "{08BFC6E8-E727-4BD5-B4D0-D66EBED9126A}"
EndProject
Project("{9A19103F-16F7-4668-BE54-9A1E7A4F7556}") = "BeginnersForest", "Adventures\BeginnersForest\BeginnersForest.csproj", "{DF56D01A-06F6-4421-AD29-55D108ABDC5C}"
EndProject
Project("{9A19103F-16F7-4668-BE54-9A1E7A4F7556}") = "LandOfTheMountainKing", "Adventures\LandOfTheMountainKing\LandOfTheMountainKing.csproj", "{E2BC06A2-E396-43D2-8EF6-38236988913C}"
EndProject
Project("{9A19103F-16F7-4668-BE54-9A1E7A4F7556}") = "RiddlesOfTheDuergarKingdom", "Adventures\RiddlesOfTheDuergarKingdom\RiddlesOfTheDuergarKingdom.csproj", "{2FDFF5FE-1600-408F-9010-39F617A255EC}"
EndProject
Project("{9A19103F-16F7-4668-BE54-9A1E7A4F7556}") = "SampleAdventure", "Adventures\SampleAdventure\SampleAdventure.csproj", "{AE0F148F-4CAA-47CC-9C76-EBE926EDDD18}"
EndProject
Project("{9A19103F-16F7-4668-BE54-9A1E7A4F7556}") = "StrongholdOfKahrDur", "Adventures\StrongholdOfKahrDur\StrongholdOfKahrDur.csproj", "{BCBC5578-43C1-4071-91B3-46930721A64F}"
EndProject
Project("{9A19103F-16F7-4668-BE54-9A1E7A4F7556}") = "TheBeginnersCave", "Adventures\TheBeginnersCave\TheBeginnersCave.csproj", "{1F07F2BC-233A-4628-9523-DD4BB61F8B6C}"
EndProject
Project("{9A19103F-16F7-4668-BE54-9A1E7A4F7556}") = "TheDeepCanyon", "Adventures\TheDeepCanyon\TheDeepCanyon.csproj", "{B32E0520-49DD-4F71-BB08-70B0ACABA970}"
EndProject
Project("{9A19103F-16F7-4668-BE54-9A1E7A4F7556}") = "ThePyramidOfAnharos", "Adventures\ThePyramidOfAnharos\ThePyramidOfAnharos.csproj", "{9C32F96E-D68E-48AD-8475-4E3B222A3C37}"
EndProject
Project("{9A19103F-16F7-4668-BE54-9A1E7A4F7556}") = "TheSubAquanLaboratory", "Adventures\TheSubAquanLaboratory\TheSubAquanLaboratory.csproj", "{FC54965F-C05B-4CA8-AC2B-2A502A31EDBE}"
EndProject
Project("{9A19103F-16F7-4668-BE54-9A1E7A4F7556}") = "TheTempleOfNgurct", "Adventures\TheTempleOfNgurct\TheTempleOfNgurct.csproj", "{01ED89A1-3D0C-439D-B26A-FE939F51E3BC}"
EndProject
Project("{9A19103F-16F7-4668-BE54-9A1E7A4F7556}") = "TheTrainingGround", "Adventures\TheTrainingGround\TheTrainingGround.csproj", "{BD06E235-BB05-48F3-9D05-78CC59C02DA0}"
EndProject
Project("{9A19103F-16F7-4668-BE54-9A1E7A4F7556}") = "TheVileGrimoireOfJaldial", "Adventures\TheVileGrimoireOfJaldial\TheVileGrimoireOfJaldial.csproj", "{EE739348-4C1E-4ECE-9137-0278A2DA5FE4}"
EndProject
Project("{9A19103F-16F7-4668-BE54-9A1E7A4F7556}") = "TheWayfarersInn", "Adventures\TheWayfarersInn\TheWayfarersInn.csproj", "{2F05A908-2348-4FC4-9DA7-5AC4BBC3E32F}"
EndProject
Project("{9A19103F-16F7-4668-BE54-9A1E7A4F7556}") = "WrenholdsSecretVigil", "Adventures\WrenholdsSecretVigil\WrenholdsSecretVigil.csproj", "{20FBF742-BC2B-4BF4-99D2-35E85D839D8A}"
EndProject
Project("{2150E333-8FDC-42A3-9474-1A3956D46DE8}") = "System", "System", "{61AD886F-2248-4891-9123-3CB473ED88B7}"
EndProject
Project("{9A19103F-16F7-4668-BE54-9A1E7A4F7556}") = "Eamon", "System\Eamon\Eamon.csproj", "{EBF51CED-7F08-46B4-9052-10EC4EC27784}"
EndProject
Project("{9A19103F-16F7-4668-BE54-9A1E7A4F7556}") = "EamonDD", "System\EamonDD\EamonDD.csproj", "{87A7399C-9DC9-49FD-8A0B-EFDA3A625B95}"
EndProject
Project("{9A19103F-16F7-4668-BE54-9A1E7A4F7556}") = "EamonMH", "System\EamonMH\EamonMH.csproj", "{1776D0F2-3BE0-4BB8-A3EC-392F84B44474}"
EndProject
Project("{9A19103F-16F7-4668-BE54-9A1E7A4F7556}") = "EamonPM", "System\EamonPM\EamonPM.csproj", "{4E9ABF01-32F4-4842-8F08-5620F1118580}"
EndProject
Project("{9A19103F-16F7-4668-BE54-9A1E7A4F7556}") = "EamonPM.Desktop", "System\EamonPM.Desktop\EamonPM.Desktop.csproj", "{808ED18E-CBA2-4BCF-8DE1-CAA5DC6F408B}"
EndProject
Project("{9A19103F-16F7-4668-BE54-9A1E7A4F7556}") = "EamonRT", "System\EamonRT\EamonRT.csproj", "{53EC7466-C127-450D-B854-6D5F8C439869}"
EndProject
Project("{9A19103F-16F7-4668-BE54-9A1E7A4F7556}") = "SharpSerializer.Library", "System\SharpSerializer.Library\SharpSerializer.Library.csproj", "{D53ECBF4-504E-493B-906A-38624A610966}"
EndProject
Global
	GlobalSection(SolutionConfigurationPlatforms) = preSolution
		Debug|Any CPU = Debug|Any CPU
		Release|Any CPU = Release|Any CPU
	EndGlobalSection
	GlobalSection(ProjectConfigurationPlatforms) = postSolution
		{A2E8B692-4E4D-4AF5-B50E-C16E01E0AFC1}.Debug|Any CPU.ActiveCfg = Debug|Any CPU
		{A2E8B692-4E4D-4AF5-B50E-C16E01E0AFC1}.Debug|Any CPU.Build.0 = Debug|Any CPU
		{A2E8B692-4E4D-4AF5-B50E-C16E01E0AFC1}.Release|Any CPU.ActiveCfg = Release|Any CPU
		{A2E8B692-4E4D-4AF5-B50E-C16E01E0AFC1}.Release|Any CPU.Build.0 = Release|Any CPU
		{C0917F27-3D56-4C0D-9941-4001F54F04E6}.Debug|Any CPU.ActiveCfg = Debug|Any CPU
		{C0917F27-3D56-4C0D-9941-4001F54F04E6}.Debug|Any CPU.Build.0 = Debug|Any CPU
		{C0917F27-3D56-4C0D-9941-4001F54F04E6}.Release|Any CPU.ActiveCfg = Release|Any CPU
		{C0917F27-3D56-4C0D-9941-4001F54F04E6}.Release|Any CPU.Build.0 = Release|Any CPU
		{08BFC6E8-E727-4BD5-B4D0-D66EBED9126A}.Debug|Any CPU.ActiveCfg = Debug|Any CPU
		{08BFC6E8-E727-4BD5-B4D0-D66EBED9126A}.Debug|Any CPU.Build.0 = Debug|Any CPU
		{08BFC6E8-E727-4BD5-B4D0-D66EBED9126A}.Release|Any CPU.ActiveCfg = Release|Any CPU
		{08BFC6E8-E727-4BD5-B4D0-D66EBED9126A}.Release|Any CPU.Build.0 = Release|Any CPU
		{DF56D01A-06F6-4421-AD29-55D108ABDC5C}.Debug|Any CPU.ActiveCfg = Debug|Any CPU
		{DF56D01A-06F6-4421-AD29-55D108ABDC5C}.Debug|Any CPU.Build.0 = Debug|Any CPU
		{DF56D01A-06F6-4421-AD29-55D108ABDC5C}.Release|Any CPU.ActiveCfg = Release|Any CPU
		{DF56D01A-06F6-4421-AD29-55D108ABDC5C}.Release|Any CPU.Build.0 = Release|Any CPU
		{E2BC06A2-E396-43D2-8EF6-38236988913C}.Debug|Any CPU.ActiveCfg = Debug|Any CPU
		{E2BC06A2-E396-43D2-8EF6-38236988913C}.Debug|Any CPU.Build.0 = Debug|Any CPU
		{E2BC06A2-E396-43D2-8EF6-38236988913C}.Release|Any CPU.ActiveCfg = Release|Any CPU
		{E2BC06A2-E396-43D2-8EF6-38236988913C}.Release|Any CPU.Build.0 = Release|Any CPU
		{2FDFF5FE-1600-408F-9010-39F617A255EC}.Debug|Any CPU.ActiveCfg = Debug|Any CPU
		{2FDFF5FE-1600-408F-9010-39F617A255EC}.Debug|Any CPU.Build.0 = Debug|Any CPU
		{2FDFF5FE-1600-408F-9010-39F617A255EC}.Release|Any CPU.ActiveCfg = Release|Any CPU
		{2FDFF5FE-1600-408F-9010-39F617A255EC}.Release|Any CPU.Build.0 = Release|Any CPU
		{AE0F148F-4CAA-47CC-9C76-EBE926EDDD18}.Debug|Any CPU.ActiveCfg = Debug|Any CPU
		{AE0F148F-4CAA-47CC-9C76-EBE926EDDD18}.Debug|Any CPU.Build.0 = Debug|Any CPU
		{AE0F148F-4CAA-47CC-9C76-EBE926EDDD18}.Release|Any CPU.ActiveCfg = Release|Any CPU
		{AE0F148F-4CAA-47CC-9C76-EBE926EDDD18}.Release|Any CPU.Build.0 = Release|Any CPU
		{BCBC5578-43C1-4071-91B3-46930721A64F}.Debug|Any CPU.ActiveCfg = Debug|Any CPU
		{BCBC5578-43C1-4071-91B3-46930721A64F}.Debug|Any CPU.Build.0 = Debug|Any CPU
		{BCBC5578-43C1-4071-91B3-46930721A64F}.Release|Any CPU.ActiveCfg = Release|Any CPU
		{BCBC5578-43C1-4071-91B3-46930721A64F}.Release|Any CPU.Build.0 = Release|Any CPU
		{1F07F2BC-233A-4628-9523-DD4BB61F8B6C}.Debug|Any CPU.ActiveCfg = Debug|Any CPU
		{1F07F2BC-233A-4628-9523-DD4BB61F8B6C}.Debug|Any CPU.Build.0 = Debug|Any CPU
		{1F07F2BC-233A-4628-9523-DD4BB61F8B6C}.Release|Any CPU.ActiveCfg = Release|Any CPU
		{1F07F2BC-233A-4628-9523-DD4BB61F8B6C}.Release|Any CPU.Build.0 = Release|Any CPU
		{B32E0520-49DD-4F71-BB08-70B0ACABA970}.Debug|Any CPU.ActiveCfg = Debug|Any CPU
		{B32E0520-49DD-4F71-BB08-70B0ACABA970}.Debug|Any CPU.Build.0 = Debug|Any CPU
		{B32E0520-49DD-4F71-BB08-70B0ACABA970}.Release|Any CPU.ActiveCfg = Release|Any CPU
		{B32E0520-49DD-4F71-BB08-70B0ACABA970}.Release|Any CPU.Build.0 = Release|Any CPU
		{9C32F96E-D68E-48AD-8475-4E3B222A3C37}.Debug|Any CPU.ActiveCfg = Debug|Any CPU
		{9C32F96E-D68E-48AD-8475-4E3B222A3C37}.Debug|Any CPU.Build.0 = Debug|Any CPU
		{9C32F96E-D68E-48AD-8475-4E3B222A3C37}.Release|Any CPU.ActiveCfg = Release|Any CPU
		{9C32F96E-D68E-48AD-8475-4E3B222A3C37}.Release|Any CPU.Build.0 = Release|Any CPU
		{FC54965F-C05B-4CA8-AC2B-2A502A31EDBE}.Debug|Any CPU.ActiveCfg = Debug|Any CPU
		{FC54965F-C05B-4CA8-AC2B-2A502A31EDBE}.Debug|Any CPU.Build.0 = Debug|Any CPU
		{FC54965F-C05B-4CA8-AC2B-2A502A31EDBE}.Release|Any CPU.ActiveCfg = Release|Any CPU
		{FC54965F-C05B-4CA8-AC2B-2A502A31EDBE}.Release|Any CPU.Build.0 = Release|Any CPU
		{01ED89A1-3D0C-439D-B26A-FE939F51E3BC}.Debug|Any CPU.ActiveCfg = Debug|Any CPU
		{01ED89A1-3D0C-439D-B26A-FE939F51E3BC}.Debug|Any CPU.Build.0 = Debug|Any CPU
		{01ED89A1-3D0C-439D-B26A-FE939F51E3BC}.Release|Any CPU.ActiveCfg = Release|Any CPU
		{01ED89A1-3D0C-439D-B26A-FE939F51E3BC}.Release|Any CPU.Build.0 = Release|Any CPU
		{BD06E235-BB05-48F3-9D05-78CC59C02DA0}.Debug|Any CPU.ActiveCfg = Debug|Any CPU
		{BD06E235-BB05-48F3-9D05-78CC59C02DA0}.Debug|Any CPU.Build.0 = Debug|Any CPU
		{BD06E235-BB05-48F3-9D05-78CC59C02DA0}.Release|Any CPU.ActiveCfg = Release|Any CPU
		{BD06E235-BB05-48F3-9D05-78CC59C02DA0}.Release|Any CPU.Build.0 = Release|Any CPU
		{EE739348-4C1E-4ECE-9137-0278A2DA5FE4}.Debug|Any CPU.ActiveCfg = Debug|Any CPU
		{EE739348-4C1E-4ECE-9137-0278A2DA5FE4}.Debug|Any CPU.Build.0 = Debug|Any CPU
		{EE739348-4C1E-4ECE-9137-0278A2DA5FE4}.Release|Any CPU.ActiveCfg = Release|Any CPU
		{EE739348-4C1E-4ECE-9137-0278A2DA5FE4}.Release|Any CPU.Build.0 = Release|Any CPU
		{2F05A908-2348-4FC4-9DA7-5AC4BBC3E32F}.Debug|Any CPU.ActiveCfg = Debug|Any CPU
		{2F05A908-2348-4FC4-9DA7-5AC4BBC3E32F}.Debug|Any CPU.Build.0 = Debug|Any CPU
		{2F05A908-2348-4FC4-9DA7-5AC4BBC3E32F}.Release|Any CPU.ActiveCfg = Release|Any CPU
		{2F05A908-2348-4FC4-9DA7-5AC4BBC3E32F}.Release|Any CPU.Build.0 = Release|Any CPU
		{20FBF742-BC2B-4BF4-99D2-35E85D839D8A}.Debug|Any CPU.ActiveCfg = Debug|Any CPU
		{20FBF742-BC2B-4BF4-99D2-35E85D839D8A}.Debug|Any CPU.Build.0 = Debug|Any CPU
		{20FBF742-BC2B-4BF4-99D2-35E85D839D8A}.Release|Any CPU.ActiveCfg = Release|Any CPU
		{20FBF742-BC2B-4BF4-99D2-35E85D839D8A}.Release|Any CPU.Build.0 = Release|Any CPU
		{EBF51CED-7F08-46B4-9052-10EC4EC27784}.Debug|Any CPU.ActiveCfg = Debug|Any CPU
		{EBF51CED-7F08-46B4-9052-10EC4EC27784}.Debug|Any CPU.Build.0 = Debug|Any CPU
		{EBF51CED-7F08-46B4-9052-10EC4EC27784}.Release|Any CPU.ActiveCfg = Release|Any CPU
		{EBF51CED-7F08-46B4-9052-10EC4EC27784}.Release|Any CPU.Build.0 = Release|Any CPU
		{87A7399C-9DC9-49FD-8A0B-EFDA3A625B95}.Debug|Any CPU.ActiveCfg = Debug|Any CPU
		{87A7399C-9DC9-49FD-8A0B-EFDA3A625B95}.Debug|Any CPU.Build.0 = Debug|Any CPU
		{87A7399C-9DC9-49FD-8A0B-EFDA3A625B95}.Release|Any CPU.ActiveCfg = Release|Any CPU
		{87A7399C-9DC9-49FD-8A0B-EFDA3A625B95}.Release|Any CPU.Build.0 = Release|Any CPU
		{1776D0F2-3BE0-4BB8-A3EC-392F84B44474}.Debug|Any CPU.ActiveCfg = Debug|Any CPU
		{1776D0F2-3BE0-4BB8-A3EC-392F84B44474}.Debug|Any CPU.Build.0 = Debug|Any CPU
		{1776D0F2-3BE0-4BB8-A3EC-392F84B44474}.Release|Any CPU.ActiveCfg = Release|Any CPU
		{1776D0F2-3BE0-4BB8-A3EC-392F84B44474}.Release|Any CPU.Build.0 = Release|Any CPU
		{4E9ABF01-32F4-4842-8F08-5620F1118580}.Debug|Any CPU.ActiveCfg = Debug|Any CPU
		{4E9ABF01-32F4-4842-8F08-5620F1118580}.Debug|Any CPU.Build.0 = Debug|Any CPU
		{4E9ABF01-32F4-4842-8F08-5620F1118580}.Release|Any CPU.ActiveCfg = Release|Any CPU
		{4E9ABF01-32F4-4842-8F08-5620F1118580}.Release|Any CPU.Build.0 = Release|Any CPU
		{808ED18E-CBA2-4BCF-8DE1-CAA5DC6F408B}.Debug|Any CPU.ActiveCfg = Debug|Any CPU
		{808ED18E-CBA2-4BCF-8DE1-CAA5DC6F408B}.Debug|Any CPU.Build.0 = Debug|Any CPU
		{808ED18E-CBA2-4BCF-8DE1-CAA5DC6F408B}.Release|Any CPU.ActiveCfg = Release|Any CPU
		{808ED18E-CBA2-4BCF-8DE1-CAA5DC6F408B}.Release|Any CPU.Build.0 = Release|Any CPU
		{53EC7466-C127-450D-B854-6D5F8C439869}.Debug|Any CPU.ActiveCfg = Debug|Any CPU
		{53EC7466-C127-450D-B854-6D5F8C439869}.Debug|Any CPU.Build.0 = Debug|Any CPU
		{53EC7466-C127-450D-B854-6D5F8C439869}.Release|Any CPU.ActiveCfg = Release|Any CPU
		{53EC7466-C127-450D-B854-6D5F8C439869}.Release|Any CPU.Build.0 = Release|Any CPU
		{D53ECBF4-504E-493B-906A-38624A610966}.Debug|Any CPU.ActiveCfg = Debug|Any CPU
		{D53ECBF4-504E-493B-906A-38624A610966}.Debug|Any CPU.Build.0 = Debug|Any CPU
		{D53ECBF4-504E-493B-906A-38624A610966}.Release|Any CPU.ActiveCfg = Release|Any CPU
		{D53ECBF4-504E-493B-906A-38624A610966}.Release|Any CPU.Build.0 = Release|Any CPU
	EndGlobalSection
	GlobalSection(SolutionProperties) = preSolution
		HideSolutionNode = FALSE
	EndGlobalSection
	GlobalSection(NestedProjects) = preSolution
		{A2E8B692-4E4D-4AF5-B50E-C16E01E0AFC1} = {C8D76FAB-81AE-49E3-AC15-A9D1985C1092}
		{C0917F27-3D56-4C0D-9941-4001F54F04E6} = {C8D76FAB-81AE-49E3-AC15-A9D1985C1092}
		{08BFC6E8-E727-4BD5-B4D0-D66EBED9126A} = {C8D76FAB-81AE-49E3-AC15-A9D1985C1092}
		{DF56D01A-06F6-4421-AD29-55D108ABDC5C} = {C8D76FAB-81AE-49E3-AC15-A9D1985C1092}
		{E2BC06A2-E396-43D2-8EF6-38236988913C} = {C8D76FAB-81AE-49E3-AC15-A9D1985C1092}
		{2FDFF5FE-1600-408F-9010-39F617A255EC} = {C8D76FAB-81AE-49E3-AC15-A9D1985C1092}
		{AE0F148F-4CAA-47CC-9C76-EBE926EDDD18} = {C8D76FAB-81AE-49E3-AC15-A9D1985C1092}
		{BCBC5578-43C1-4071-91B3-46930721A64F} = {C8D76FAB-81AE-49E3-AC15-A9D1985C1092}
		{1F07F2BC-233A-4628-9523-DD4BB61F8B6C} = {C8D76FAB-81AE-49E3-AC15-A9D1985C1092}
		{B32E0520-49DD-4F71-BB08-70B0ACABA970} = {C8D76FAB-81AE-49E3-AC15-A9D1985C1092}
		{9C32F96E-D68E-48AD-8475-4E3B222A3C37} = {C8D76FAB-81AE-49E3-AC15-A9D1985C1092}
		{FC54965F-C05B-4CA8-AC2B-2A502A31EDBE} = {C8D76FAB-81AE-49E3-AC15-A9D1985C1092}
		{01ED89A1-3D0C-439D-B26A-FE939F51E3BC} = {C8D76FAB-81AE-49E3-AC15-A9D1985C1092}
		{BD06E235-BB05-48F3-9D05-78CC59C02DA0} = {C8D76FAB-81AE-49E3-AC15-A9D1985C1092}
		{EE739348-4C1E-4ECE-9137-0278A2DA5FE4} = {C8D76FAB-81AE-49E3-AC15-A9D1985C1092}
		{2F05A908-2348-4FC4-9DA7-5AC4BBC3E32F} = {C8D76FAB-81AE-49E3-AC15-A9D1985C1092}
		{20FBF742-BC2B-4BF4-99D2-35E85D839D8A} = {C8D76FAB-81AE-49E3-AC15-A9D1985C1092}
		{EBF51CED-7F08-46B4-9052-10EC4EC27784} = {61AD886F-2248-4891-9123-3CB473ED88B7}
		{87A7399C-9DC9-49FD-8A0B-EFDA3A625B95} = {61AD886F-2248-4891-9123-3CB473ED88B7}
		{1776D0F2-3BE0-4BB8-A3EC-392F84B44474} = {61AD886F-2248-4891-9123-3CB473ED88B7}
		{4E9ABF01-32F4-4842-8F08-5620F1118580} = {61AD886F-2248-4891-9123-3CB473ED88B7}
		{808ED18E-CBA2-4BCF-8DE1-CAA5DC6F408B} = {61AD886F-2248-4891-9123-3CB473ED88B7}
		{53EC7466-C127-450D-B854-6D5F8C439869} = {61AD886F-2248-4891-9123-3CB473ED88B7}
		{D53ECBF4-504E-493B-906A-38624A610966} = {61AD886F-2248-4891-9123-3CB473ED88B7}
	EndGlobalSection
	GlobalSection(ExtensibilityGlobals) = postSolution
		SolutionGuid = {F89D37E7-07F8-42EE-9CD7-0C3BA305A2CB}
	EndGlobalSection
EndGlobal
