
Microsoft Visual Studio Solution File, Format Version 12.00
# Visual Studio Version 16
VisualStudioVersion = 16.0.29609.76
MinimumVisualStudioVersion = 10.0.40219.1
Project("{9A19103F-16F7-4668-BE54-9A1E7A4F7556}") = "Eamon.Mobile", "System\Eamon.Mobile\Eamon.Mobile.csproj", "{1E8E7C06-9DD8-4B9E-9A13-555F47359604}"
EndProject
Project("{FAE04EC0-301F-11D3-BF4B-00C04F79EFBC}") = "EamonPM.Android", "System\EamonPM.Android\EamonPM.Android.csproj", "{7E4BD0D4-AF5B-4C95-8FFB-85B68159C9B6}"
EndProject
Project("{2150E333-8FDC-42A3-9474-1A3956D46DE8}") = "System", "System", "{4354307E-E2A2-4C3F-9B3F-018291A96FBC}"
EndProject
Global
	GlobalSection(SolutionConfigurationPlatforms) = preSolution
		Debug|Any CPU = Debug|Any CPU
		Release|Any CPU = Release|Any CPU
	EndGlobalSection
	GlobalSection(ProjectConfigurationPlatforms) = postSolution
		{1E8E7C06-9DD8-4B9E-9A13-555F47359604}.Debug|Any CPU.ActiveCfg = Debug|Any CPU
		{1E8E7C06-9DD8-4B9E-9A13-555F47359604}.Debug|Any CPU.Build.0 = Debug|Any CPU
		{1E8E7C06-9DD8-4B9E-9A13-555F47359604}.Release|Any CPU.ActiveCfg = Release|Any CPU
		{1E8E7C06-9DD8-4B9E-9A13-555F47359604}.Release|Any CPU.Build.0 = Release|Any CPU
		{7E4BD0D4-AF5B-4C95-8FFB-85B68159C9B6}.Debug|Any CPU.ActiveCfg = Debug|Any CPU
		{7E4BD0D4-AF5B-4C95-8FFB-85B68159C9B6}.Debug|Any CPU.Build.0 = Debug|Any CPU
		{7E4BD0D4-AF5B-4C95-8FFB-85B68159C9B6}.Debug|Any CPU.Deploy.0 = Debug|Any CPU
		{7E4BD0D4-AF5B-4C95-8FFB-85B68159C9B6}.Release|Any CPU.ActiveCfg = Release|Any CPU
		{7E4BD0D4-AF5B-4C95-8FFB-85B68159C9B6}.Release|Any CPU.Build.0 = Release|Any CPU
		{7E4BD0D4-AF5B-4C95-8FFB-85B68159C9B6}.Release|Any CPU.Deploy.0 = Release|Any CPU
	EndGlobalSection
	GlobalSection(SolutionProperties) = preSolution
		HideSolutionNode = FALSE
	EndGlobalSection
	GlobalSection(NestedProjects) = preSolution
		{1E8E7C06-9DD8-4B9E-9A13-555F47359604} = {4354307E-E2A2-4C3F-9B3F-018291A96FBC}
		{7E4BD0D4-AF5B-4C95-8FFB-85B68159C9B6} = {4354307E-E2A2-4C3F-9B3F-018291A96FBC}
	EndGlobalSection
	GlobalSection(ExtensibilityGlobals) = postSolution
		SolutionGuid = {B0215F79-A8CE-43AE-9805-3240C3AE977A}
	EndGlobalSection
EndGlobal
